
Microsoft Visual Studio Solution File, Format Version 12.00
# Visual Studio 2013
VisualStudioVersion = 12.0.31101.0
MinimumVisualStudioVersion = 10.0.40219.1
Project("{FAE04EC0-301F-11D3-BF4B-00C04F79EFBC}") = "NeuralNetwork", "NeuralNetwork\NeuralNetwork.csproj", "{CB130200-0FED-4B92-B60A-7B5FD40AA1A6}"
EndProject
Project("{FAE04EC0-301F-11D3-BF4B-00C04F79EFBC}") = "Neuron", "Neuron\Neuron.csproj", "{12E1FFFF-FFA4-4736-AF98-45B8B3E203B0}"
EndProject
Project("{FAE04EC0-301F-11D3-BF4B-00C04F79EFBC}") = "Neuron.Tests", "Neuron.Tests\Neuron.Tests.csproj", "{7D9C30DE-5BE3-465F-A0AE-C2567DCD36DC}"
EndProject
Global
	GlobalSection(SolutionConfigurationPlatforms) = preSolution
		Debug|Any CPU = Debug|Any CPU
		Release|Any CPU = Release|Any CPU
	EndGlobalSection
	GlobalSection(ProjectConfigurationPlatforms) = postSolution
		{CB130200-0FED-4B92-B60A-7B5FD40AA1A6}.Debug|Any CPU.ActiveCfg = Debug|Any CPU
		{CB130200-0FED-4B92-B60A-7B5FD40AA1A6}.Debug|Any CPU.Build.0 = Debug|Any CPU
		{CB130200-0FED-4B92-B60A-7B5FD40AA1A6}.Release|Any CPU.ActiveCfg = Release|Any CPU
		{CB130200-0FED-4B92-B60A-7B5FD40AA1A6}.Release|Any CPU.Build.0 = Release|Any CPU
		{12E1FFFF-FFA4-4736-AF98-45B8B3E203B0}.Debug|Any CPU.ActiveCfg = Debug|Any CPU
		{12E1FFFF-FFA4-4736-AF98-45B8B3E203B0}.Debug|Any CPU.Build.0 = Debug|Any CPU
		{12E1FFFF-FFA4-4736-AF98-45B8B3E203B0}.Release|Any CPU.ActiveCfg = Release|Any CPU
		{12E1FFFF-FFA4-4736-AF98-45B8B3E203B0}.Release|Any CPU.Build.0 = Release|Any CPU
		{7D9C30DE-5BE3-465F-A0AE-C2567DCD36DC}.Debug|Any CPU.ActiveCfg = Debug|Any CPU
		{7D9C30DE-5BE3-465F-A0AE-C2567DCD36DC}.Debug|Any CPU.Build.0 = Debug|Any CPU
		{7D9C30DE-5BE3-465F-A0AE-C2567DCD36DC}.Release|Any CPU.ActiveCfg = Release|Any CPU
		{7D9C30DE-5BE3-465F-A0AE-C2567DCD36DC}.Release|Any CPU.Build.0 = Release|Any CPU
	EndGlobalSection
	GlobalSection(SolutionProperties) = preSolution
		HideSolutionNode = FALSE
	EndGlobalSection
EndGlobal
